
Microsoft Visual Studio Solution File, Format Version 12.00
# Visual Studio Version 17
VisualStudioVersion = 17.4.33213.308
MinimumVisualStudioVersion = 10.0.40219.1
Project("{FAE04EC0-301F-11D3-BF4B-00C04F79EFBC}") = "WinFormsApp1", "WinFormsApp1\WinFormsApp1.csproj", "{E5E385A7-2420-4125-B57B-BB800F06C091}"
EndProject
Global
	GlobalSection(SolutionConfigurationPlatforms) = preSolution
		Debug|Any CPU = Debug|Any CPU
		Release|Any CPU = Release|Any CPU
	EndGlobalSection
	GlobalSection(ProjectConfigurationPlatforms) = postSolution
		{E5E385A7-2420-4125-B57B-BB800F06C091}.Debug|Any CPU.ActiveCfg = Debug|Any CPU
		{E5E385A7-2420-4125-B57B-BB800F06C091}.Debug|Any CPU.Build.0 = Debug|Any CPU
		{E5E385A7-2420-4125-B57B-BB800F06C091}.Release|Any CPU.ActiveCfg = Release|Any CPU
		{E5E385A7-2420-4125-B57B-BB800F06C091}.Release|Any CPU.Build.0 = Release|Any CPU
	EndGlobalSection
	GlobalSection(SolutionProperties) = preSolution
		HideSolutionNode = FALSE
	EndGlobalSection
	GlobalSection(ExtensibilityGlobals) = postSolution
		SolutionGuid = {E5CE70EC-4BBB-492E-A1CD-945A2E958F2C}
	EndGlobalSection
EndGlobal
